
Microsoft Visual Studio Solution File, Format Version 12.00
# Visual Studio Version 17
VisualStudioVersion = 17.5.33424.131
MinimumVisualStudioVersion = 10.0.40219.1
Project("{9A19103F-16F7-4668-BE54-9A1E7A4F7556}") = "Homework03-2", "Homework03-2.csproj", "{1391A024-434E-4750-95FA-627CC1D5D5C3}"
EndProject
Project("{9A19103F-16F7-4668-BE54-9A1E7A4F7556}") = "Prectice", "..\Prectice\Prectice.csproj", "{6CDC89AD-4E92-4E5F-AC71-B002D70A910C}"
EndProject
Project("{FAE04EC0-301F-11D3-BF4B-00C04F79EFBC}") = "asdgagsfd", "..\asdgagsfd\asdgagsfd.csproj", "{48968EB2-58AA-4BAB-9242-5CEFEC5E82E9}"
EndProject
Global
	GlobalSection(SolutionConfigurationPlatforms) = preSolution
		Debug|Any CPU = Debug|Any CPU
		Release|Any CPU = Release|Any CPU
	EndGlobalSection
	GlobalSection(ProjectConfigurationPlatforms) = postSolution
		{1391A024-434E-4750-95FA-627CC1D5D5C3}.Debug|Any CPU.ActiveCfg = Debug|Any CPU
		{1391A024-434E-4750-95FA-627CC1D5D5C3}.Debug|Any CPU.Build.0 = Debug|Any CPU
		{1391A024-434E-4750-95FA-627CC1D5D5C3}.Release|Any CPU.ActiveCfg = Release|Any CPU
		{1391A024-434E-4750-95FA-627CC1D5D5C3}.Release|Any CPU.Build.0 = Release|Any CPU
		{6CDC89AD-4E92-4E5F-AC71-B002D70A910C}.Debug|Any CPU.ActiveCfg = Debug|Any CPU
		{6CDC89AD-4E92-4E5F-AC71-B002D70A910C}.Debug|Any CPU.Build.0 = Debug|Any CPU
		{6CDC89AD-4E92-4E5F-AC71-B002D70A910C}.Release|Any CPU.ActiveCfg = Release|Any CPU
		{6CDC89AD-4E92-4E5F-AC71-B002D70A910C}.Release|Any CPU.Build.0 = Release|Any CPU
		{48968EB2-58AA-4BAB-9242-5CEFEC5E82E9}.Debug|Any CPU.ActiveCfg = Debug|Any CPU
		{48968EB2-58AA-4BAB-9242-5CEFEC5E82E9}.Debug|Any CPU.Build.0 = Debug|Any CPU
		{48968EB2-58AA-4BAB-9242-5CEFEC5E82E9}.Release|Any CPU.ActiveCfg = Release|Any CPU
		{48968EB2-58AA-4BAB-9242-5CEFEC5E82E9}.Release|Any CPU.Build.0 = Release|Any CPU
	EndGlobalSection
	GlobalSection(SolutionProperties) = preSolution
		HideSolutionNode = FALSE
	EndGlobalSection
	GlobalSection(ExtensibilityGlobals) = postSolution
		SolutionGuid = {A03322E6-04AC-4065-B10B-72A6547D309A}
	EndGlobalSection
EndGlobal
